
Microsoft Visual Studio Solution File, Format Version 12.00
# Visual Studio Version 17
VisualStudioVersion = 17.10.35027.167
MinimumVisualStudioVersion = 10.0.40219.1
Project("{FAE04EC0-301F-11D3-BF4B-00C04F79EFBC}") = "BlueLagoon", "BlueLagoon.csproj", "{5B73483B-F566-4DDC-9665-1BB18CBE7517}"
EndProject
Global
	GlobalSection(SolutionConfigurationPlatforms) = preSolution
		Debug|Any CPU = Debug|Any CPU
		Release|Any CPU = Release|Any CPU
	EndGlobalSection
	GlobalSection(ProjectConfigurationPlatforms) = postSolution
		{5B73483B-F566-4DDC-9665-1BB18CBE7517}.Debug|Any CPU.ActiveCfg = Debug|Any CPU
		{5B73483B-F566-4DDC-9665-1BB18CBE7517}.Debug|Any CPU.Build.0 = Debug|Any CPU
		{5B73483B-F566-4DDC-9665-1BB18CBE7517}.Release|Any CPU.ActiveCfg = Release|Any CPU
		{5B73483B-F566-4DDC-9665-1BB18CBE7517}.Release|Any CPU.Build.0 = Release|Any CPU
	EndGlobalSection
	GlobalSection(SolutionProperties) = preSolution
		HideSolutionNode = FALSE
	EndGlobalSection
	GlobalSection(ExtensibilityGlobals) = postSolution
		SolutionGuid = {85D8B17B-C57B-46D7-BE7D-EBC0ABD264F9}
	EndGlobalSection
EndGlobal
